// !$*UTF8*$!
{
	archiveVersion = 1;
	classes = {
	};
	objectVersion = 56;
	objects = {

/* Begin PBXBuildFile section */
		DA0636132B06B562001DEF64 /* ContentView.swift in Sources */ = {isa = PBXBuildFile; fileRef = DA0636122B06B562001DEF64 /* ContentView.swift */; };
		DA0636152B06B563001DEF64 /* Assets.xcassets in Resources */ = {isa = PBXBuildFile; fileRef = DA0636142B06B563001DEF64 /* Assets.xcassets */; };
		DA0636182B06B563001DEF64 /* Preview Assets.xcassets in Resources */ = {isa = PBXBuildFile; fileRef = DA0636172B06B563001DEF64 /* Preview Assets.xcassets */; };
		DA06361F2B06B5CC001DEF64 /* AlarmView.swift in Sources */ = {isa = PBXBuildFile; fileRef = DA06361E2B06B5CC001DEF64 /* AlarmView.swift */; };
		DA0636222B06B730001DEF64 /* AlarmModel.swift in Sources */ = {isa = PBXBuildFile; fileRef = DA0636212B06B730001DEF64 /* AlarmModel.swift */; };
		DA0636242B06BA1B001DEF64 /* WorldClockView.swift in Sources */ = {isa = PBXBuildFile; fileRef = DA0636232B06BA1B001DEF64 /* WorldClockView.swift */; };
		DA0636272B06BA40001DEF64 /* StopwatchView.swift in Sources */ = {isa = PBXBuildFile; fileRef = DA0636262B06BA40001DEF64 /* StopwatchView.swift */; };
		DA06362A2B06BAB7001DEF64 /* TimerView.swift in Sources */ = {isa = PBXBuildFile; fileRef = DA0636292B06BAB7001DEF64 /* TimerView.swift */; };
		DADF7D1B2B0CC6DE0036957E /* TimePickerView.swift in Sources */ = {isa = PBXBuildFile; fileRef = DADF7D1A2B0CC6DE0036957E /* TimePickerView.swift */; };
		DADF7D1D2B0CCCAD0036957E /* CircuarProgressView.swift in Sources */ = {isa = PBXBuildFile; fileRef = DADF7D1C2B0CCCAD0036957E /* CircuarProgressView.swift */; };
		DAE1F4792B0E8557007D3EB5 /* Int+Extension.swift in Sources */ = {isa = PBXBuildFile; fileRef = DAE1F4782B0E8557007D3EB5 /* Int+Extension.swift */; };
		DAE1F47C2B0E8640007D3EB5 /* TimerDemoApp.swift in Sources */ = {isa = PBXBuildFile; fileRef = DAE1F47B2B0E8640007D3EB5 /* TimerDemoApp.swift */; };
		DAE1F47E2B0E86DF007D3EB5 /* StartButtonStyle.swift in Sources */ = {isa = PBXBuildFile; fileRef = DAE1F47D2B0E86DF007D3EB5 /* StartButtonStyle.swift */; };
/* End PBXBuildFile section */

/* Begin PBXFileReference section */
		DA06360D2B06B562001DEF64 /* NC1AppleClock.app */ = {isa = PBXFileReference; explicitFileType = wrapper.application; includeInIndex = 0; path = NC1AppleClock.app; sourceTree = BUILT_PRODUCTS_DIR; };
		DA0636122B06B562001DEF64 /* ContentView.swift */ = {isa = PBXFileReference; lastKnownFileType = sourcecode.swift; path = ContentView.swift; sourceTree = "<group>"; };
		DA0636142B06B563001DEF64 /* Assets.xcassets */ = {isa = PBXFileReference; lastKnownFileType = folder.assetcatalog; path = Assets.xcassets; sourceTree = "<group>"; };
		DA0636172B06B563001DEF64 /* Preview Assets.xcassets */ = {isa = PBXFileReference; lastKnownFileType = folder.assetcatalog; path = "Preview Assets.xcassets"; sourceTree = "<group>"; };
		DA06361E2B06B5CC001DEF64 /* AlarmView.swift */ = {isa = PBXFileReference; lastKnownFileType = sourcecode.swift; path = AlarmView.swift; sourceTree = "<group>"; };
		DA0636212B06B730001DEF64 /* AlarmModel.swift */ = {isa = PBXFileReference; lastKnownFileType = sourcecode.swift; path = AlarmModel.swift; sourceTree = "<group>"; };
		DA0636232B06BA1B001DEF64 /* WorldClockView.swift */ = {isa = PBXFileReference; lastKnownFileType = sourcecode.swift; path = WorldClockView.swift; sourceTree = "<group>"; };
		DA0636262B06BA40001DEF64 /* StopwatchView.swift */ = {isa = PBXFileReference; lastKnownFileType = sourcecode.swift; path = StopwatchView.swift; sourceTree = "<group>"; };
		DA0636292B06BAB7001DEF64 /* TimerView.swift */ = {isa = PBXFileReference; lastKnownFileType = sourcecode.swift; path = TimerView.swift; sourceTree = "<group>"; };
		DADF7D1A2B0CC6DE0036957E /* TimePickerView.swift */ = {isa = PBXFileReference; lastKnownFileType = sourcecode.swift; path = TimePickerView.swift; sourceTree = "<group>"; };
		DADF7D1C2B0CCCAD0036957E /* CircuarProgressView.swift */ = {isa = PBXFileReference; lastKnownFileType = sourcecode.swift; path = CircuarProgressView.swift; sourceTree = "<group>"; };
		DAE1F4782B0E8557007D3EB5 /* Int+Extension.swift */ = {isa = PBXFileReference; lastKnownFileType = sourcecode.swift; path = "Int+Extension.swift"; sourceTree = "<group>"; };
		DAE1F47B2B0E8640007D3EB5 /* TimerDemoApp.swift */ = {isa = PBXFileReference; lastKnownFileType = sourcecode.swift; path = TimerDemoApp.swift; sourceTree = "<group>"; };
		DAE1F47D2B0E86DF007D3EB5 /* StartButtonStyle.swift */ = {isa = PBXFileReference; lastKnownFileType = sourcecode.swift; path = StartButtonStyle.swift; sourceTree = "<group>"; };
/* End PBXFileReference section */

/* Begin PBXFrameworksBuildPhase section */
		DA06360A2B06B562001DEF64 /* Frameworks */ = {
			isa = PBXFrameworksBuildPhase;
			buildActionMask = 2147483647;
			files = (
			);
			runOnlyForDeploymentPostprocessing = 0;
		};
/* End PBXFrameworksBuildPhase section */

/* Begin PBXGroup section */
		DA0636042B06B562001DEF64 = {
			isa = PBXGroup;
			children = (
				DA06360F2B06B562001DEF64 /* NC1AppleClock */,
				DA06360E2B06B562001DEF64 /* Products */,
			);
			sourceTree = "<group>";
		};
		DA06360E2B06B562001DEF64 /* Products */ = {
			isa = PBXGroup;
			children = (
				DA06360D2B06B562001DEF64 /* NC1AppleClock.app */,
			);
			name = Products;
			sourceTree = "<group>";
		};
		DA06360F2B06B562001DEF64 /* NC1AppleClock */ = {
			isa = PBXGroup;
			children = (
				DA0636122B06B562001DEF64 /* ContentView.swift */,
				DA0636252B06BA1F001DEF64 /* WorldClock */,
				DA0636202B06B5E9001DEF64 /* Alarms */,
				DA0636282B06BA44001DEF64 /* Stopwatch */,
				DA06362B2B06BABD001DEF64 /* Timer */,
				DA0636142B06B563001DEF64 /* Assets.xcassets */,
				DA0636162B06B563001DEF64 /* Preview Content */,
			);
			path = NC1AppleClock;
			sourceTree = "<group>";
		};
		DA0636162B06B563001DEF64 /* Preview Content */ = {
			isa = PBXGroup;
			children = (
				DA0636172B06B563001DEF64 /* Preview Assets.xcassets */,
			);
			path = "Preview Content";
			sourceTree = "<group>";
		};
		DA0636202B06B5E9001DEF64 /* Alarms */ = {
			isa = PBXGroup;
			children = (
				DA06361E2B06B5CC001DEF64 /* AlarmView.swift */,
				DA0636212B06B730001DEF64 /* AlarmModel.swift */,
			);
			path = Alarms;
			sourceTree = "<group>";
		};
		DA0636252B06BA1F001DEF64 /* WorldClock */ = {
			isa = PBXGroup;
			children = (
				DA0636232B06BA1B001DEF64 /* WorldClockView.swift */,
			);
			path = WorldClock;
			sourceTree = "<group>";
		};
		DA0636282B06BA44001DEF64 /* Stopwatch */ = {
			isa = PBXGroup;
			children = (
				DA0636262B06BA40001DEF64 /* StopwatchView.swift */,
			);
			path = Stopwatch;
			sourceTree = "<group>";
		};
		DA06362B2B06BABD001DEF64 /* Timer */ = {
			isa = PBXGroup;
			children = (
				DAE1F47A2B0E861B007D3EB5 /* Extention */,
				DADF7D1C2B0CCCAD0036957E /* CircuarProgressView.swift */,
				DADF7D1A2B0CC6DE0036957E /* TimePickerView.swift */,
				DAE1F47B2B0E8640007D3EB5 /* TimerDemoApp.swift */,
				DA0636292B06BAB7001DEF64 /* TimerView.swift */,
				DAE1F47F2B0E86E5007D3EB5 /* ButtonStyles */,
			);
			path = Timer;
			sourceTree = "<group>";
		};
		DAE1F47A2B0E861B007D3EB5 /* Extention */ = {
			isa = PBXGroup;
			children = (
				DAE1F4782B0E8557007D3EB5 /* Int+Extension.swift */,
			);
			path = Extention;
			sourceTree = "<group>";
		};
		DAE1F47F2B0E86E5007D3EB5 /* ButtonStyles */ = {
			isa = PBXGroup;
			children = (
				DAE1F47D2B0E86DF007D3EB5 /* StartButtonStyle.swift */,
			);
			path = ButtonStyles;
			sourceTree = "<group>";
		};
/* End PBXGroup section */

/* Begin PBXNativeTarget section */
		DA06360C2B06B562001DEF64 /* NC1AppleClock */ = {
			isa = PBXNativeTarget;
			buildConfigurationList = DA06361B2B06B563001DEF64 /* Build configuration list for PBXNativeTarget "NC1AppleClock" */;
			buildPhases = (
				DA0636092B06B562001DEF64 /* Sources */,
				DA06360A2B06B562001DEF64 /* Frameworks */,
				DA06360B2B06B562001DEF64 /* Resources */,
			);
			buildRules = (
			);
			dependencies = (
			);
			name = NC1AppleClock;
			productName = NC1AppleClock;
			productReference = DA06360D2B06B562001DEF64 /* NC1AppleClock.app */;
			productType = "com.apple.product-type.application";
		};
/* End PBXNativeTarget section */

/* Begin PBXProject section */
		DA0636052B06B562001DEF64 /* Project object */ = {
			isa = PBXProject;
			attributes = {
				BuildIndependentTargetsInParallel = 1;
				LastSwiftUpdateCheck = 1500;
				LastUpgradeCheck = 1500;
				TargetAttributes = {
					DA06360C2B06B562001DEF64 = {
						CreatedOnToolsVersion = 15.0.1;
					};
				};
			};
			buildConfigurationList = DA0636082B06B562001DEF64 /* Build configuration list for PBXProject "NC1AppleClock" */;
			compatibilityVersion = "Xcode 14.0";
			developmentRegion = en;
			hasScannedForEncodings = 0;
			knownRegions = (
				en,
				Base,
			);
			mainGroup = DA0636042B06B562001DEF64;
			productRefGroup = DA06360E2B06B562001DEF64 /* Products */;
			projectDirPath = "";
			projectRoot = "";
			targets = (
				DA06360C2B06B562001DEF64 /* NC1AppleClock */,
			);
		};
/* End PBXProject section */

/* Begin PBXResourcesBuildPhase section */
		DA06360B2B06B562001DEF64 /* Resources */ = {
			isa = PBXResourcesBuildPhase;
			buildActionMask = 2147483647;
			files = (
				DA0636182B06B563001DEF64 /* Preview Assets.xcassets in Resources */,
				DA0636152B06B563001DEF64 /* Assets.xcassets in Resources */,
			);
			runOnlyForDeploymentPostprocessing = 0;
		};
/* End PBXResourcesBuildPhase section */

/* Begin PBXSourcesBuildPhase section */
		DA0636092B06B562001DEF64 /* Sources */ = {
			isa = PBXSourcesBuildPhase;
			buildActionMask = 2147483647;
			files = (
				DA0636132B06B562001DEF64 /* ContentView.swift in Sources */,
				DA06362A2B06BAB7001DEF64 /* TimerView.swift in Sources */,
				DA0636272B06BA40001DEF64 /* StopwatchView.swift in Sources */,
				DAE1F47E2B0E86DF007D3EB5 /* StartButtonStyle.swift in Sources */,
				DA0636222B06B730001DEF64 /* AlarmModel.swift in Sources */,
				DADF7D1D2B0CCCAD0036957E /* CircuarProgressView.swift in Sources */,
				DAE1F4792B0E8557007D3EB5 /* Int+Extension.swift in Sources */,
				DA06361F2B06B5CC001DEF64 /* AlarmView.swift in Sources */,
				DAE1F47C2B0E8640007D3EB5 /* TimerDemoApp.swift in Sources */,
				DA0636242B06BA1B001DEF64 /* WorldClockView.swift in Sources */,
				DADF7D1B2B0CC6DE0036957E /* TimePickerView.swift in Sources */,
			);
			runOnlyForDeploymentPostprocessing = 0;
		};
/* End PBXSourcesBuildPhase section */

/* Begin XCBuildConfiguration section */
		DA0636192B06B563001DEF64 /* Debug */ = {
			isa = XCBuildConfiguration;
			buildSettings = {
				ALWAYS_SEARCH_USER_PATHS = NO;
				ASSETCATALOG_COMPILER_GENERATE_SWIFT_ASSET_SYMBOL_EXTENSIONS = YES;
				CLANG_ANALYZER_NONNULL = YES;
				CLANG_ANALYZER_NUMBER_OBJECT_CONVERSION = YES_AGGRESSIVE;
				CLANG_CXX_LANGUAGE_STANDARD = "gnu++20";
				CLANG_ENABLE_MODULES = YES;
				CLANG_ENABLE_OBJC_ARC = YES;
				CLANG_ENABLE_OBJC_WEAK = YES;
				CLANG_WARN_BLOCK_CAPTURE_AUTORELEASING = YES;
				CLANG_WARN_BOOL_CONVERSION = YES;
				CLANG_WARN_COMMA = YES;
				CLANG_WARN_CONSTANT_CONVERSION = YES;
				CLANG_WARN_DEPRECATED_OBJC_IMPLEMENTATIONS = YES;
				CLANG_WARN_DIRECT_OBJC_ISA_USAGE = YES_ERROR;
				CLANG_WARN_DOCUMENTATION_COMMENTS = YES;
				CLANG_WARN_EMPTY_BODY = YES;
				CLANG_WARN_ENUM_CONVERSION = YES;
				CLANG_WARN_INFINITE_RECURSION = YES;
				CLANG_WARN_INT_CONVERSION = YES;
				CLANG_WARN_NON_LITERAL_NULL_CONVERSION = YES;
				CLANG_WARN_OBJC_IMPLICIT_RETAIN_SELF = YES;
				CLANG_WARN_OBJC_LITERAL_CONVERSION = YES;
				CLANG_WARN_OBJC_ROOT_CLASS = YES_ERROR;
				CLANG_WARN_QUOTED_INCLUDE_IN_FRAMEWORK_HEADER = YES;
				CLANG_WARN_RANGE_LOOP_ANALYSIS = YES;
				CLANG_WARN_STRICT_PROTOTYPES = YES;
				CLANG_WARN_SUSPICIOUS_MOVE = YES;
				CLANG_WARN_UNGUARDED_AVAILABILITY = YES_AGGRESSIVE;
				CLANG_WARN_UNREACHABLE_CODE = YES;
				CLANG_WARN__DUPLICATE_METHOD_MATCH = YES;
				COPY_PHASE_STRIP = NO;
				DEBUG_INFORMATION_FORMAT = dwarf;
				ENABLE_STRICT_OBJC_MSGSEND = YES;
				ENABLE_TESTABILITY = YES;
				ENABLE_USER_SCRIPT_SANDBOXING = YES;
				GCC_C_LANGUAGE_STANDARD = gnu17;
				GCC_DYNAMIC_NO_PIC = NO;
				GCC_NO_COMMON_BLOCKS = YES;
				GCC_OPTIMIZATION_LEVEL = 0;
				GCC_PREPROCESSOR_DEFINITIONS = (
					"DEBUG=1",
					"$(inherited)",
				);
				GCC_WARN_64_TO_32_BIT_CONVERSION = YES;
				GCC_WARN_ABOUT_RETURN_TYPE = YES_ERROR;
				GCC_WARN_UNDECLARED_SELECTOR = YES;
				GCC_WARN_UNINITIALIZED_AUTOS = YES_AGGRESSIVE;
				GCC_WARN_UNUSED_FUNCTION = YES;
				GCC_WARN_UNUSED_VARIABLE = YES;
				IPHONEOS_DEPLOYMENT_TARGET = 17.0;
				LOCALIZATION_PREFERS_STRING_CATALOGS = YES;
				MTL_ENABLE_DEBUG_INFO = INCLUDE_SOURCE;
				MTL_FAST_MATH = YES;
				ONLY_ACTIVE_ARCH = YES;
				SDKROOT = iphoneos;
				SWIFT_ACTIVE_COMPILATION_CONDITIONS = "DEBUG $(inherited)";
				SWIFT_OPTIMIZATION_LEVEL = "-Onone";
			};
			name = Debug;
		};
		DA06361A2B06B563001DEF64 /* Release */ = {
			isa = XCBuildConfiguration;
			buildSettings = {
				ALWAYS_SEARCH_USER_PATHS = NO;
				ASSETCATALOG_COMPILER_GENERATE_SWIFT_ASSET_SYMBOL_EXTENSIONS = YES;
				CLANG_ANALYZER_NONNULL = YES;
				CLANG_ANALYZER_NUMBER_OBJECT_CONVERSION = YES_AGGRESSIVE;
				CLANG_CXX_LANGUAGE_STANDARD = "gnu++20";
				CLANG_ENABLE_MODULES = YES;
				CLANG_ENABLE_OBJC_ARC = YES;
				CLANG_ENABLE_OBJC_WEAK = YES;
				CLANG_WARN_BLOCK_CAPTURE_AUTORELEASING = YES;
				CLANG_WARN_BOOL_CONVERSION = YES;
				CLANG_WARN_COMMA = YES;
				CLANG_WARN_CONSTANT_CONVERSION = YES;
				CLANG_WARN_DEPRECATED_OBJC_IMPLEMENTATIONS = YES;
				CLANG_WARN_DIRECT_OBJC_ISA_USAGE = YES_ERROR;
				CLANG_WARN_DOCUMENTATION_COMMENTS = YES;
				CLANG_WARN_EMPTY_BODY = YES;
				CLANG_WARN_ENUM_CONVERSION = YES;
				CLANG_WARN_INFINITE_RECURSION = YES;
				CLANG_WARN_INT_CONVERSION = YES;
				CLANG_WARN_NON_LITERAL_NULL_CONVERSION = YES;
				CLANG_WARN_OBJC_IMPLICIT_RETAIN_SELF = YES;
				CLANG_WARN_OBJC_LITERAL_CONVERSION = YES;
				CLANG_WARN_OBJC_ROOT_CLASS = YES_ERROR;
				CLANG_WARN_QUOTED_INCLUDE_IN_FRAMEWORK_HEADER = YES;
				CLANG_WARN_RANGE_LOOP_ANALYSIS = YES;
				CLANG_WARN_STRICT_PROTOTYPES = YES;
				CLANG_WARN_SUSPICIOUS_MOVE = YES;
				CLANG_WARN_UNGUARDED_AVAILABILITY = YES_AGGRESSIVE;
				CLANG_WARN_UNREACHABLE_CODE = YES;
				CLANG_WARN__DUPLICATE_METHOD_MATCH = YES;
				COPY_PHASE_STRIP = NO;
				DEBUG_INFORMATION_FORMAT = "dwarf-with-dsym";
				ENABLE_NS_ASSERTIONS = NO;
				ENABLE_STRICT_OBJC_MSGSEND = YES;
				ENABLE_USER_SCRIPT_SANDBOXING = YES;
				GCC_C_LANGUAGE_STANDARD = gnu17;
				GCC_NO_COMMON_BLOCKS = YES;
				GCC_WARN_64_TO_32_BIT_CONVERSION = YES;
				GCC_WARN_ABOUT_RETURN_TYPE = YES_ERROR;
				GCC_WARN_UNDECLARED_SELECTOR = YES;
				GCC_WARN_UNINITIALIZED_AUTOS = YES_AGGRESSIVE;
				GCC_WARN_UNUSED_FUNCTION = YES;
				GCC_WARN_UNUSED_VARIABLE = YES;
				IPHONEOS_DEPLOYMENT_TARGET = 17.0;
				LOCALIZATION_PREFERS_STRING_CATALOGS = YES;
				MTL_ENABLE_DEBUG_INFO = NO;
				MTL_FAST_MATH = YES;
				SDKROOT = iphoneos;
				SWIFT_COMPILATION_MODE = wholemodule;
				VALIDATE_PRODUCT = YES;
			};
			name = Release;
		};
		DA06361C2B06B563001DEF64 /* Debug */ = {
			isa = XCBuildConfiguration;
			buildSettings = {
				ASSETCATALOG_COMPILER_APPICON_NAME = AppIcon;
				ASSETCATALOG_COMPILER_GLOBAL_ACCENT_COLOR_NAME = AccentColor;
				CODE_SIGN_STYLE = Automatic;
				CURRENT_PROJECT_VERSION = 1;
				DEVELOPMENT_ASSET_PATHS = "\"NC1AppleClock/Preview Content\"";
				DEVELOPMENT_TEAM = V2LC7G5D42;
				ENABLE_PREVIEWS = YES;
				GENERATE_INFOPLIST_FILE = YES;
				INFOPLIST_KEY_UIApplicationSceneManifest_Generation = YES;
				INFOPLIST_KEY_UIApplicationSupportsIndirectInputEvents = YES;
				INFOPLIST_KEY_UILaunchScreen_Generation = YES;
				INFOPLIST_KEY_UIStatusBarStyle = UIStatusBarStyleDarkContent;
				INFOPLIST_KEY_UISupportedInterfaceOrientations_iPad = "UIInterfaceOrientationPortrait UIInterfaceOrientationPortraitUpsideDown UIInterfaceOrientationLandscapeLeft UIInterfaceOrientationLandscapeRight";
				INFOPLIST_KEY_UISupportedInterfaceOrientations_iPhone = "UIInterfaceOrientationPortrait UIInterfaceOrientationLandscapeLeft UIInterfaceOrientationLandscapeRight";
				INFOPLIST_KEY_UIUserInterfaceStyle = Dark;
				IPHONEOS_DEPLOYMENT_TARGET = 16.0;
				LD_RUNPATH_SEARCH_PATHS = (
					"$(inherited)",
					"@executable_path/Frameworks",
				);
				MARKETING_VERSION = 1.0;
				PRODUCT_BUNDLE_IDENTIFIER = developer.academy.NC1AppleClock;
				PRODUCT_NAME = "$(TARGET_NAME)";
				SWIFT_EMIT_LOC_STRINGS = YES;
				SWIFT_VERSION = 5.0;
				TARGETED_DEVICE_FAMILY = "1,2";
			};
			name = Debug;
		};
		DA06361D2B06B563001DEF64 /* Release */ = {
			isa = XCBuildConfiguration;
			buildSettings = {
				ASSETCATALOG_COMPILER_APPICON_NAME = AppIcon;
				ASSETCATALOG_COMPILER_GLOBAL_ACCENT_COLOR_NAME = AccentColor;
				CODE_SIGN_STYLE = Automatic;
				CURRENT_PROJECT_VERSION = 1;
				DEVELOPMENT_ASSET_PATHS = "\"NC1AppleClock/Preview Content\"";
				DEVELOPMENT_TEAM = V2LC7G5D42;
				ENABLE_PREVIEWS = YES;
				GENERATE_INFOPLIST_FILE = YES;
				INFOPLIST_KEY_UIApplicationSceneManifest_Generation = YES;
				INFOPLIST_KEY_UIApplicationSupportsIndirectInputEvents = YES;
				INFOPLIST_KEY_UILaunchScreen_Generation = YES;
				INFOPLIST_KEY_UIStatusBarStyle = UIStatusBarStyleDarkContent;
				INFOPLIST_KEY_UISupportedInterfaceOrientations_iPad = "UIInterfaceOrientationPortrait UIInterfaceOrientationPortraitUpsideDown UIInterfaceOrientationLandscapeLeft UIInterfaceOrientationLandscapeRight";
				INFOPLIST_KEY_UISupportedInterfaceOrientations_iPhone = "UIInterfaceOrientationPortrait UIInterfaceOrientationLandscapeLeft UIInterfaceOrientationLandscapeRight";
				INFOPLIST_KEY_UIUserInterfaceStyle = Dark;
				IPHONEOS_DEPLOYMENT_TARGET = 16.0;
				LD_RUNPATH_SEARCH_PATHS = (
					"$(inherited)",
					"@executable_path/Frameworks",
				);
				MARKETING_VERSION = 1.0;
				PRODUCT_BUNDLE_IDENTIFIER = developer.academy.NC1AppleClock;
				PRODUCT_NAME = "$(TARGET_NAME)";
				SWIFT_EMIT_LOC_STRINGS = YES;
				SWIFT_VERSION = 5.0;
				TARGETED_DEVICE_FAMILY = "1,2";
			};
			name = Release;
		};
/* End XCBuildConfiguration section */

/* Begin XCConfigurationList section */
		DA0636082B06B562001DEF64 /* Build configuration list for PBXProject "NC1AppleClock" */ = {
			isa = XCConfigurationList;
			buildConfigurations = (
				DA0636192B06B563001DEF64 /* Debug */,
				DA06361A2B06B563001DEF64 /* Release */,
			);
			defaultConfigurationIsVisible = 0;
			defaultConfigurationName = Release;
		};
		DA06361B2B06B563001DEF64 /* Build configuration list for PBXNativeTarget "NC1AppleClock" */ = {
			isa = XCConfigurationList;
			buildConfigurations = (
				DA06361C2B06B563001DEF64 /* Debug */,
				DA06361D2B06B563001DEF64 /* Release */,
			);
			defaultConfigurationIsVisible = 0;
			defaultConfigurationName = Release;
		};
/* End XCConfigurationList section */
	};
	rootObject = DA0636052B06B562001DEF64 /* Project object */;
}
